// !$*UTF8*$!
{
	archiveVersion = 1;
	classes = {
	};
	objectVersion = 46;
	objects = {

/* Begin PBXBuildFile section */
		D7B58FEA1C651A44006D9BB6 /* AppDelegate.swift in Sources */ = {isa = PBXBuildFile; fileRef = D7B58FE91C651A44006D9BB6 /* AppDelegate.swift */; };
		D7B58FEC1C651A44006D9BB6 /* PsychologistViewController.swift in Sources */ = {isa = PBXBuildFile; fileRef = D7B58FEB1C651A44006D9BB6 /* PsychologistViewController.swift */; };
		D7B58FEF1C651A44006D9BB6 /* Main.storyboard in Resources */ = {isa = PBXBuildFile; fileRef = D7B58FED1C651A44006D9BB6 /* Main.storyboard */; };
		D7B58FF11C651A44006D9BB6 /* Assets.xcassets in Resources */ = {isa = PBXBuildFile; fileRef = D7B58FF01C651A44006D9BB6 /* Assets.xcassets */; };
		D7B58FF41C651A44006D9BB6 /* LaunchScreen.storyboard in Resources */ = {isa = PBXBuildFile; fileRef = D7B58FF21C651A44006D9BB6 /* LaunchScreen.storyboard */; };
		D7B58FFF1C651A44006D9BB6 /* PsychologistTests.swift in Sources */ = {isa = PBXBuildFile; fileRef = D7B58FFE1C651A44006D9BB6 /* PsychologistTests.swift */; };
		D7B5900A1C651A44006D9BB6 /* PsychologistUITests.swift in Sources */ = {isa = PBXBuildFile; fileRef = D7B590091C651A44006D9BB6 /* PsychologistUITests.swift */; };
		D7B5901A1C6521EE006D9BB6 /* FaceView.swift in Sources */ = {isa = PBXBuildFile; fileRef = D7B590181C6521EE006D9BB6 /* FaceView.swift */; };
		D7B5901B1C6521EE006D9BB6 /* HappinessViewController.swift in Sources */ = {isa = PBXBuildFile; fileRef = D7B590191C6521EE006D9BB6 /* HappinessViewController.swift */; };
		D7B5901D1C654556006D9BB6 /* TextViewController.swift in Sources */ = {isa = PBXBuildFile; fileRef = D7B5901C1C654556006D9BB6 /* TextViewController.swift */; };
		D7B5901F1C65473D006D9BB6 /* DiagnosedHappinessViewController.swift in Sources */ = {isa = PBXBuildFile; fileRef = D7B5901E1C65473D006D9BB6 /* DiagnosedHappinessViewController.swift */; };
/* End PBXBuildFile section */

/* Begin PBXContainerItemProxy section */
		D7B58FFB1C651A44006D9BB6 /* PBXContainerItemProxy */ = {
			isa = PBXContainerItemProxy;
			containerPortal = D7B58FDE1C651A44006D9BB6 /* Project object */;
			proxyType = 1;
			remoteGlobalIDString = D7B58FE51C651A44006D9BB6;
			remoteInfo = Psychologist;
		};
		D7B590061C651A44006D9BB6 /* PBXContainerItemProxy */ = {
			isa = PBXContainerItemProxy;
			containerPortal = D7B58FDE1C651A44006D9BB6 /* Project object */;
			proxyType = 1;
			remoteGlobalIDString = D7B58FE51C651A44006D9BB6;
			remoteInfo = Psychologist;
		};
/* End PBXContainerItemProxy section */

/* Begin PBXFileReference section */
		D7B58FE61C651A44006D9BB6 /* Psychologist.app */ = {isa = PBXFileReference; explicitFileType = wrapper.application; includeInIndex = 0; path = Psychologist.app; sourceTree = BUILT_PRODUCTS_DIR; };
		D7B58FE91C651A44006D9BB6 /* AppDelegate.swift */ = {isa = PBXFileReference; lastKnownFileType = sourcecode.swift; path = AppDelegate.swift; sourceTree = "<group>"; };
		D7B58FEB1C651A44006D9BB6 /* PsychologistViewController.swift */ = {isa = PBXFileReference; lastKnownFileType = sourcecode.swift; path = PsychologistViewController.swift; sourceTree = "<group>"; };
		D7B58FEE1C651A44006D9BB6 /* Base */ = {isa = PBXFileReference; lastKnownFileType = file.storyboard; name = Base; path = Base.lproj/Main.storyboard; sourceTree = "<group>"; };
		D7B58FF01C651A44006D9BB6 /* Assets.xcassets */ = {isa = PBXFileReference; lastKnownFileType = folder.assetcatalog; path = Assets.xcassets; sourceTree = "<group>"; };
		D7B58FF31C651A44006D9BB6 /* Base */ = {isa = PBXFileReference; lastKnownFileType = file.storyboard; name = Base; path = Base.lproj/LaunchScreen.storyboard; sourceTree = "<group>"; };
		D7B58FF51C651A44006D9BB6 /* Info.plist */ = {isa = PBXFileReference; lastKnownFileType = text.plist.xml; path = Info.plist; sourceTree = "<group>"; };
		D7B58FFA1C651A44006D9BB6 /* PsychologistTests.xctest */ = {isa = PBXFileReference; explicitFileType = wrapper.cfbundle; includeInIndex = 0; path = PsychologistTests.xctest; sourceTree = BUILT_PRODUCTS_DIR; };
		D7B58FFE1C651A44006D9BB6 /* PsychologistTests.swift */ = {isa = PBXFileReference; lastKnownFileType = sourcecode.swift; path = PsychologistTests.swift; sourceTree = "<group>"; };
		D7B590001C651A44006D9BB6 /* Info.plist */ = {isa = PBXFileReference; lastKnownFileType = text.plist.xml; path = Info.plist; sourceTree = "<group>"; };
		D7B590051C651A44006D9BB6 /* PsychologistUITests.xctest */ = {isa = PBXFileReference; explicitFileType = wrapper.cfbundle; includeInIndex = 0; path = PsychologistUITests.xctest; sourceTree = BUILT_PRODUCTS_DIR; };
		D7B590091C651A44006D9BB6 /* PsychologistUITests.swift */ = {isa = PBXFileReference; lastKnownFileType = sourcecode.swift; path = PsychologistUITests.swift; sourceTree = "<group>"; };
		D7B5900B1C651A44006D9BB6 /* Info.plist */ = {isa = PBXFileReference; lastKnownFileType = text.plist.xml; path = Info.plist; sourceTree = "<group>"; };
		D7B590181C6521EE006D9BB6 /* FaceView.swift */ = {isa = PBXFileReference; fileEncoding = 4; lastKnownFileType = sourcecode.swift; path = FaceView.swift; sourceTree = "<group>"; };
		D7B590191C6521EE006D9BB6 /* HappinessViewController.swift */ = {isa = PBXFileReference; fileEncoding = 4; lastKnownFileType = sourcecode.swift; path = HappinessViewController.swift; sourceTree = "<group>"; };
		D7B5901C1C654556006D9BB6 /* TextViewController.swift */ = {isa = PBXFileReference; fileEncoding = 4; lastKnownFileType = sourcecode.swift; path = TextViewController.swift; sourceTree = "<group>"; };
		D7B5901E1C65473D006D9BB6 /* DiagnosedHappinessViewController.swift */ = {isa = PBXFileReference; fileEncoding = 4; lastKnownFileType = sourcecode.swift; path = DiagnosedHappinessViewController.swift; sourceTree = "<group>"; };
/* End PBXFileReference section */

/* Begin PBXFrameworksBuildPhase section */
		D7B58FE31C651A44006D9BB6 /* Frameworks */ = {
			isa = PBXFrameworksBuildPhase;
			buildActionMask = 2147483647;
			files = (
			);
			runOnlyForDeploymentPostprocessing = 0;
		};
		D7B58FF71C651A44006D9BB6 /* Frameworks */ = {
			isa = PBXFrameworksBuildPhase;
			buildActionMask = 2147483647;
			files = (
			);
			runOnlyForDeploymentPostprocessing = 0;
		};
		D7B590021C651A44006D9BB6 /* Frameworks */ = {
			isa = PBXFrameworksBuildPhase;
			buildActionMask = 2147483647;
			files = (
			);
			runOnlyForDeploymentPostprocessing = 0;
		};
/* End PBXFrameworksBuildPhase section */

/* Begin PBXGroup section */
		D7B58FDD1C651A44006D9BB6 = {
			isa = PBXGroup;
			children = (
				D7B58FE81C651A44006D9BB6 /* Psychologist */,
				D7B58FFD1C651A44006D9BB6 /* PsychologistTests */,
				D7B590081C651A44006D9BB6 /* PsychologistUITests */,
				D7B58FE71C651A44006D9BB6 /* Products */,
			);
			sourceTree = "<group>";
		};
		D7B58FE71C651A44006D9BB6 /* Products */ = {
			isa = PBXGroup;
			children = (
				D7B58FE61C651A44006D9BB6 /* Psychologist.app */,
				D7B58FFA1C651A44006D9BB6 /* PsychologistTests.xctest */,
				D7B590051C651A44006D9BB6 /* PsychologistUITests.xctest */,
			);
			name = Products;
			sourceTree = "<group>";
		};
		D7B58FE81C651A44006D9BB6 /* Psychologist */ = {
			isa = PBXGroup;
			children = (
				D7B58FED1C651A44006D9BB6 /* Main.storyboard */,
				D7B5901E1C65473D006D9BB6 /* DiagnosedHappinessViewController.swift */,
				D7B5901C1C654556006D9BB6 /* TextViewController.swift */,
				D7B590181C6521EE006D9BB6 /* FaceView.swift */,
				D7B590191C6521EE006D9BB6 /* HappinessViewController.swift */,
				D7B58FEB1C651A44006D9BB6 /* PsychologistViewController.swift */,
				D7B590171C651A4F006D9BB6 /* Supporting Files */,
			);
			path = Psychologist;
			sourceTree = "<group>";
		};
		D7B58FFD1C651A44006D9BB6 /* PsychologistTests */ = {
			isa = PBXGroup;
			children = (
				D7B58FFE1C651A44006D9BB6 /* PsychologistTests.swift */,
				D7B590001C651A44006D9BB6 /* Info.plist */,
			);
			path = PsychologistTests;
			sourceTree = "<group>";
		};
		D7B590081C651A44006D9BB6 /* PsychologistUITests */ = {
			isa = PBXGroup;
			children = (
				D7B590091C651A44006D9BB6 /* PsychologistUITests.swift */,
				D7B5900B1C651A44006D9BB6 /* Info.plist */,
			);
			path = PsychologistUITests;
			sourceTree = "<group>";
		};
		D7B590171C651A4F006D9BB6 /* Supporting Files */ = {
			isa = PBXGroup;
			children = (
				D7B58FF51C651A44006D9BB6 /* Info.plist */,
				D7B58FF21C651A44006D9BB6 /* LaunchScreen.storyboard */,
				D7B58FF01C651A44006D9BB6 /* Assets.xcassets */,
				D7B58FE91C651A44006D9BB6 /* AppDelegate.swift */,
			);
			name = "Supporting Files";
			sourceTree = "<group>";
		};
/* End PBXGroup section */

/* Begin PBXNativeTarget section */
		D7B58FE51C651A44006D9BB6 /* Psychologist */ = {
			isa = PBXNativeTarget;
			buildConfigurationList = D7B5900E1C651A44006D9BB6 /* Build configuration list for PBXNativeTarget "Psychologist" */;
			buildPhases = (
				D7B58FE21C651A44006D9BB6 /* Sources */,
				D7B58FE31C651A44006D9BB6 /* Frameworks */,
				D7B58FE41C651A44006D9BB6 /* Resources */,
			);
			buildRules = (
			);
			dependencies = (
			);
			name = Psychologist;
			productName = Psychologist;
			productReference = D7B58FE61C651A44006D9BB6 /* Psychologist.app */;
			productType = "com.apple.product-type.application";
		};
		D7B58FF91C651A44006D9BB6 /* PsychologistTests */ = {
			isa = PBXNativeTarget;
			buildConfigurationList = D7B590111C651A44006D9BB6 /* Build configuration list for PBXNativeTarget "PsychologistTests" */;
			buildPhases = (
				D7B58FF61C651A44006D9BB6 /* Sources */,
				D7B58FF71C651A44006D9BB6 /* Frameworks */,
				D7B58FF81C651A44006D9BB6 /* Resources */,
			);
			buildRules = (
			);
			dependencies = (
				D7B58FFC1C651A44006D9BB6 /* PBXTargetDependency */,
			);
			name = PsychologistTests;
			productName = PsychologistTests;
			productReference = D7B58FFA1C651A44006D9BB6 /* PsychologistTests.xctest */;
			productType = "com.apple.product-type.bundle.unit-test";
		};
		D7B590041C651A44006D9BB6 /* PsychologistUITests */ = {
			isa = PBXNativeTarget;
			buildConfigurationList = D7B590141C651A44006D9BB6 /* Build configuration list for PBXNativeTarget "PsychologistUITests" */;
			buildPhases = (
				D7B590011C651A44006D9BB6 /* Sources */,
				D7B590021C651A44006D9BB6 /* Frameworks */,
				D7B590031C651A44006D9BB6 /* Resources */,
			);
			buildRules = (
			);
			dependencies = (
				D7B590071C651A44006D9BB6 /* PBXTargetDependency */,
			);
			name = PsychologistUITests;
			productName = PsychologistUITests;
			productReference = D7B590051C651A44006D9BB6 /* PsychologistUITests.xctest */;
			productType = "com.apple.product-type.bundle.ui-testing";
		};
/* End PBXNativeTarget section */

/* Begin PBXProject section */
		D7B58FDE1C651A44006D9BB6 /* Project object */ = {
			isa = PBXProject;
			attributes = {
				LastSwiftUpdateCheck = 0720;
				LastUpgradeCheck = 0720;
				ORGANIZATIONNAME = "David Anglin";
				TargetAttributes = {
					D7B58FE51C651A44006D9BB6 = {
						CreatedOnToolsVersion = 7.2;
						DevelopmentTeam = EZVKD2Y4CX;
					};
					D7B58FF91C651A44006D9BB6 = {
						CreatedOnToolsVersion = 7.2;
						DevelopmentTeam = EZVKD2Y4CX;
						TestTargetID = D7B58FE51C651A44006D9BB6;
					};
					D7B590041C651A44006D9BB6 = {
						CreatedOnToolsVersion = 7.2;
						DevelopmentTeam = EZVKD2Y4CX;
						TestTargetID = D7B58FE51C651A44006D9BB6;
					};
				};
			};
			buildConfigurationList = D7B58FE11C651A44006D9BB6 /* Build configuration list for PBXProject "Psychologist" */;
			compatibilityVersion = "Xcode 3.2";
			developmentRegion = English;
			hasScannedForEncodings = 0;
			knownRegions = (
				en,
				Base,
			);
			mainGroup = D7B58FDD1C651A44006D9BB6;
			productRefGroup = D7B58FE71C651A44006D9BB6 /* Products */;
			projectDirPath = "";
			projectRoot = "";
			targets = (
				D7B58FE51C651A44006D9BB6 /* Psychologist */,
				D7B58FF91C651A44006D9BB6 /* PsychologistTests */,
				D7B590041C651A44006D9BB6 /* PsychologistUITests */,
			);
		};
/* End PBXProject section */

/* Begin PBXResourcesBuildPhase section */
		D7B58FE41C651A44006D9BB6 /* Resources */ = {
			isa = PBXResourcesBuildPhase;
			buildActionMask = 2147483647;
			files = (
				D7B58FF41C651A44006D9BB6 /* LaunchScreen.storyboard in Resources */,
				D7B58FF11C651A44006D9BB6 /* Assets.xcassets in Resources */,
				D7B58FEF1C651A44006D9BB6 /* Main.storyboard in Resources */,
			);
			runOnlyForDeploymentPostprocessing = 0;
		};
		D7B58FF81C651A44006D9BB6 /* Resources */ = {
			isa = PBXResourcesBuildPhase;
			buildActionMask = 2147483647;
			files = (
			);
			runOnlyForDeploymentPostprocessing = 0;
		};
		D7B590031C651A44006D9BB6 /* Resources */ = {
			isa = PBXResourcesBuildPhase;
			buildActionMask = 2147483647;
			files = (
			);
			runOnlyForDeploymentPostprocessing = 0;
		};
/* End PBXResourcesBuildPhase section */

/* Begin PBXSourcesBuildPhase section */
		D7B58FE21C651A44006D9BB6 /* Sources */ = {
			isa = PBXSourcesBuildPhase;
			buildActionMask = 2147483647;
			files = (
				D7B5901D1C654556006D9BB6 /* TextViewController.swift in Sources */,
				D7B58FEC1C651A44006D9BB6 /* PsychologistViewController.swift in Sources */,
				D7B58FEA1C651A44006D9BB6 /* AppDelegate.swift in Sources */,
				D7B5901F1C65473D006D9BB6 /* DiagnosedHappinessViewController.swift in Sources */,
				D7B5901B1C6521EE006D9BB6 /* HappinessViewController.swift in Sources */,
				D7B5901A1C6521EE006D9BB6 /* FaceView.swift in Sources */,
			);
			runOnlyForDeploymentPostprocessing = 0;
		};
		D7B58FF61C651A44006D9BB6 /* Sources */ = {
			isa = PBXSourcesBuildPhase;
			buildActionMask = 2147483647;
			files = (
				D7B58FFF1C651A44006D9BB6 /* PsychologistTests.swift in Sources */,
			);
			runOnlyForDeploymentPostprocessing = 0;
		};
		D7B590011C651A44006D9BB6 /* Sources */ = {
			isa = PBXSourcesBuildPhase;
			buildActionMask = 2147483647;
			files = (
				D7B5900A1C651A44006D9BB6 /* PsychologistUITests.swift in Sources */,
			);
			runOnlyForDeploymentPostprocessing = 0;
		};
/* End PBXSourcesBuildPhase section */

/* Begin PBXTargetDependency section */
		D7B58FFC1C651A44006D9BB6 /* PBXTargetDependency */ = {
			isa = PBXTargetDependency;
			target = D7B58FE51C651A44006D9BB6 /* Psychologist */;
			targetProxy = D7B58FFB1C651A44006D9BB6 /* PBXContainerItemProxy */;
		};
		D7B590071C651A44006D9BB6 /* PBXTargetDependency */ = {
			isa = PBXTargetDependency;
			target = D7B58FE51C651A44006D9BB6 /* Psychologist */;
			targetProxy = D7B590061C651A44006D9BB6 /* PBXContainerItemProxy */;
		};
/* End PBXTargetDependency section */

/* Begin PBXVariantGroup section */
		D7B58FED1C651A44006D9BB6 /* Main.storyboard */ = {
			isa = PBXVariantGroup;
			children = (
				D7B58FEE1C651A44006D9BB6 /* Base */,
			);
			name = Main.storyboard;
			sourceTree = "<group>";
		};
		D7B58FF21C651A44006D9BB6 /* LaunchScreen.storyboard */ = {
			isa = PBXVariantGroup;
			children = (
				D7B58FF31C651A44006D9BB6 /* Base */,
			);
			name = LaunchScreen.storyboard;
			sourceTree = "<group>";
		};
/* End PBXVariantGroup section */

/* Begin XCBuildConfiguration section */
		D7B5900C1C651A44006D9BB6 /* Debug */ = {
			isa = XCBuildConfiguration;
			buildSettings = {
				ALWAYS_SEARCH_USER_PATHS = NO;
				CLANG_CXX_LANGUAGE_STANDARD = "gnu++0x";
				CLANG_CXX_LIBRARY = "libc++";
				CLANG_ENABLE_MODULES = YES;
				CLANG_ENABLE_OBJC_ARC = YES;
				CLANG_WARN_BOOL_CONVERSION = YES;
				CLANG_WARN_CONSTANT_CONVERSION = YES;
				CLANG_WARN_DIRECT_OBJC_ISA_USAGE = YES_ERROR;
				CLANG_WARN_EMPTY_BODY = YES;
				CLANG_WARN_ENUM_CONVERSION = YES;
				CLANG_WARN_INT_CONVERSION = YES;
				CLANG_WARN_OBJC_ROOT_CLASS = YES_ERROR;
				CLANG_WARN_UNREACHABLE_CODE = YES;
				CLANG_WARN__DUPLICATE_METHOD_MATCH = YES;
				"CODE_SIGN_IDENTITY[sdk=iphoneos*]" = "iPhone Developer";
				COPY_PHASE_STRIP = NO;
				DEBUG_INFORMATION_FORMAT = dwarf;
				ENABLE_STRICT_OBJC_MSGSEND = YES;
				ENABLE_TESTABILITY = YES;
				GCC_C_LANGUAGE_STANDARD = gnu99;
				GCC_DYNAMIC_NO_PIC = NO;
				GCC_NO_COMMON_BLOCKS = YES;
				GCC_OPTIMIZATION_LEVEL = 0;
				GCC_PREPROCESSOR_DEFINITIONS = (
					"DEBUG=1",
					"$(inherited)",
				);
				GCC_WARN_64_TO_32_BIT_CONVERSION = YES;
				GCC_WARN_ABOUT_RETURN_TYPE = YES_ERROR;
				GCC_WARN_UNDECLARED_SELECTOR = YES;
				GCC_WARN_UNINITIALIZED_AUTOS = YES_AGGRESSIVE;
				GCC_WARN_UNUSED_FUNCTION = YES;
				GCC_WARN_UNUSED_VARIABLE = YES;
				IPHONEOS_DEPLOYMENT_TARGET = 9.2;
				MTL_ENABLE_DEBUG_INFO = YES;
				ONLY_ACTIVE_ARCH = YES;
				SDKROOT = iphoneos;
				SWIFT_OPTIMIZATION_LEVEL = "-Onone";
				TARGETED_DEVICE_FAMILY = "1,2";
			};
			name = Debug;
		};
		D7B5900D1C651A44006D9BB6 /* Release */ = {
			isa = XCBuildConfiguration;
			buildSettings = {
				ALWAYS_SEARCH_USER_PATHS = NO;
				CLANG_CXX_LANGUAGE_STANDARD = "gnu++0x";
				CLANG_CXX_LIBRARY = "libc++";
				CLANG_ENABLE_MODULES = YES;
				CLANG_ENABLE_OBJC_ARC = YES;
				CLANG_WARN_BOOL_CONVERSION = YES;
				CLANG_WARN_CONSTANT_CONVERSION = YES;
				CLANG_WARN_DIRECT_OBJC_ISA_USAGE = YES_ERROR;
				CLANG_WARN_EMPTY_BODY = YES;
				CLANG_WARN_ENUM_CONVERSION = YES;
				CLANG_WARN_INT_CONVERSION = YES;
				CLANG_WARN_OBJC_ROOT_CLASS = YES_ERROR;
				CLANG_WARN_UNREACHABLE_CODE = YES;
				CLANG_WARN__DUPLICATE_METHOD_MATCH = YES;
				"CODE_SIGN_IDENTITY[sdk=iphoneos*]" = "iPhone Developer";
				COPY_PHASE_STRIP = NO;
				DEBUG_INFORMATION_FORMAT = "dwarf-with-dsym";
				ENABLE_NS_ASSERTIONS = NO;
				ENABLE_STRICT_OBJC_MSGSEND = YES;
				GCC_C_LANGUAGE_STANDARD = gnu99;
				GCC_NO_COMMON_BLOCKS = YES;
				GCC_WARN_64_TO_32_BIT_CONVERSION = YES;
				GCC_WARN_ABOUT_RETURN_TYPE = YES_ERROR;
				GCC_WARN_UNDECLARED_SELECTOR = YES;
				GCC_WARN_UNINITIALIZED_AUTOS = YES_AGGRESSIVE;
				GCC_WARN_UNUSED_FUNCTION = YES;
				GCC_WARN_UNUSED_VARIABLE = YES;
				IPHONEOS_DEPLOYMENT_TARGET = 9.2;
				MTL_ENABLE_DEBUG_INFO = NO;
				SDKROOT = iphoneos;
				TARGETED_DEVICE_FAMILY = "1,2";
				VALIDATE_PRODUCT = YES;
			};
			name = Release;
		};
		D7B5900F1C651A44006D9BB6 /* Debug */ = {
			isa = XCBuildConfiguration;
			buildSettings = {
				ASSETCATALOG_COMPILER_APPICON_NAME = AppIcon;
				INFOPLIST_FILE = Psychologist/Info.plist;
				LD_RUNPATH_SEARCH_PATHS = "$(inherited) @executable_path/Frameworks";
				PRODUCT_BUNDLE_IDENTIFIER = com.DavidAnglin.Psychologist;
				PRODUCT_NAME = "$(TARGET_NAME)";
			};
			name = Debug;
		};
		D7B590101C651A44006D9BB6 /* Release */ = {
			isa = XCBuildConfiguration;
			buildSettings = {
				ASSETCATALOG_COMPILER_APPICON_NAME = AppIcon;
				INFOPLIST_FILE = Psychologist/Info.plist;
				LD_RUNPATH_SEARCH_PATHS = "$(inherited) @executable_path/Frameworks";
				PRODUCT_BUNDLE_IDENTIFIER = com.DavidAnglin.Psychologist;
				PRODUCT_NAME = "$(TARGET_NAME)";
			};
			name = Release;
		};
		D7B590121C651A44006D9BB6 /* Debug */ = {
			isa = XCBuildConfiguration;
			buildSettings = {
				BUNDLE_LOADER = "$(TEST_HOST)";
				INFOPLIST_FILE = PsychologistTests/Info.plist;
				LD_RUNPATH_SEARCH_PATHS = "$(inherited) @executable_path/Frameworks @loader_path/Frameworks";
				PRODUCT_BUNDLE_IDENTIFIER = com.DavidAnglin.PsychologistTests;
				PRODUCT_NAME = "$(TARGET_NAME)";
				TEST_HOST = "$(BUILT_PRODUCTS_DIR)/Psychologist.app/Psychologist";
			};
			name = Debug;
		};
		D7B590131C651A44006D9BB6 /* Release */ = {
			isa = XCBuildConfiguration;
			buildSettings = {
				BUNDLE_LOADER = "$(TEST_HOST)";
				INFOPLIST_FILE = PsychologistTests/Info.plist;
				LD_RUNPATH_SEARCH_PATHS = "$(inherited) @executable_path/Frameworks @loader_path/Frameworks";
				PRODUCT_BUNDLE_IDENTIFIER = com.DavidAnglin.PsychologistTests;
				PRODUCT_NAME = "$(TARGET_NAME)";
				TEST_HOST = "$(BUILT_PRODUCTS_DIR)/Psychologist.app/Psychologist";
			};
			name = Release;
		};
		D7B590151C651A44006D9BB6 /* Debug */ = {
			isa = XCBuildConfiguration;
			buildSettings = {
				INFOPLIST_FILE = PsychologistUITests/Info.plist;
				LD_RUNPATH_SEARCH_PATHS = "$(inherited) @executable_path/Frameworks @loader_path/Frameworks";
				PRODUCT_BUNDLE_IDENTIFIER = com.DavidAnglin.PsychologistUITests;
				PRODUCT_NAME = "$(TARGET_NAME)";
				TEST_TARGET_NAME = Psychologist;
				USES_XCTRUNNER = YES;
			};
			name = Debug;
		};
		D7B590161C651A44006D9BB6 /* Release */ = {
			isa = XCBuildConfiguration;
			buildSettings = {
				INFOPLIST_FILE = PsychologistUITests/Info.plist;
				LD_RUNPATH_SEARCH_PATHS = "$(inherited) @executable_path/Frameworks @loader_path/Frameworks";
				PRODUCT_BUNDLE_IDENTIFIER = com.DavidAnglin.PsychologistUITests;
				PRODUCT_NAME = "$(TARGET_NAME)";
				TEST_TARGET_NAME = Psychologist;
				USES_XCTRUNNER = YES;
			};
			name = Release;
		};
/* End XCBuildConfiguration section */

/* Begin XCConfigurationList section */
		D7B58FE11C651A44006D9BB6 /* Build configuration list for PBXProject "Psychologist" */ = {
			isa = XCConfigurationList;
			buildConfigurations = (
				D7B5900C1C651A44006D9BB6 /* Debug */,
				D7B5900D1C651A44006D9BB6 /* Release */,
			);
			defaultConfigurationIsVisible = 0;
			defaultConfigurationName = Release;
		};
		D7B5900E1C651A44006D9BB6 /* Build configuration list for PBXNativeTarget "Psychologist" */ = {
			isa = XCConfigurationList;
			buildConfigurations = (
				D7B5900F1C651A44006D9BB6 /* Debug */,
				D7B590101C651A44006D9BB6 /* Release */,
			);
			defaultConfigurationIsVisible = 0;
			defaultConfigurationName = Release;
		};
		D7B590111C651A44006D9BB6 /* Build configuration list for PBXNativeTarget "PsychologistTests" */ = {
			isa = XCConfigurationList;
			buildConfigurations = (
				D7B590121C651A44006D9BB6 /* Debug */,
				D7B590131C651A44006D9BB6 /* Release */,
			);
			defaultConfigurationIsVisible = 0;
			defaultConfigurationName = Release;
		};
		D7B590141C651A44006D9BB6 /* Build configuration list for PBXNativeTarget "PsychologistUITests" */ = {
			isa = XCConfigurationList;
			buildConfigurations = (
				D7B590151C651A44006D9BB6 /* Debug */,
				D7B590161C651A44006D9BB6 /* Release */,
			);
			defaultConfigurationIsVisible = 0;
			defaultConfigurationName = Release;
		};
/* End XCConfigurationList section */
	};
	rootObject = D7B58FDE1C651A44006D9BB6 /* Project object */;
}
